
Microsoft Visual Studio Solution File, Format Version 12.00
# Visual Studio 2013
VisualStudioVersion = 12.0.30501.0
MinimumVisualStudioVersion = 10.0.40219.1
Project("{FAE04EC0-301F-11D3-BF4B-00C04F79EFBC}") = "mootcge", "mootcge\mootcge.csproj", "{BC0135CA-186F-460F-87C6-B4C2B80C024A}"
EndProject
Global
	GlobalSection(SolutionConfigurationPlatforms) = preSolution
		Debug|Any CPU = Debug|Any CPU
		Release|Any CPU = Release|Any CPU
	EndGlobalSection
	GlobalSection(ProjectConfigurationPlatforms) = postSolution
		{BC0135CA-186F-460F-87C6-B4C2B80C024A}.Debug|Any CPU.ActiveCfg = Debug|Any CPU
		{BC0135CA-186F-460F-87C6-B4C2B80C024A}.Debug|Any CPU.Build.0 = Debug|Any CPU
		{BC0135CA-186F-460F-87C6-B4C2B80C024A}.Release|Any CPU.ActiveCfg = Release|Any CPU
		{BC0135CA-186F-460F-87C6-B4C2B80C024A}.Release|Any CPU.Build.0 = Release|Any CPU
	EndGlobalSection
	GlobalSection(SolutionProperties) = preSolution
		HideSolutionNode = FALSE
	EndGlobalSection
EndGlobal
